{
  "object": {
    "pins": [
      {
        "package": "EKSwiftSuite",
        "repositoryURL": "https://github.com/eilonkr/EKSwiftSuite.git",
        "state": {
          "branch": "main",
          "revision": "25bdd557ef3b1daadd7d3a70f9ce27ff174705ea",
          "version": null
        }
      }
    ]
  },
  "version": 1
}
