{
  "object": {
    "pins": [
      {
        "package": "EKSwiftSuite",
        "repositoryURL": "https://github.com/eilonkr/EKSwiftSuite.git",
        "state": {
          "branch": "main",
          "revision": "2a79def8cf5891ebd4c8617d0916cd57e2c165d9",
          "version": null
        }
      }
    ]
  },
  "version": 1
}
